// !$*UTF8*$!
{
	archiveVersion = 1;
	classes = {
	};
	objectVersion = 77;
	objects = {

/* Begin PBXBuildFile section */
		0493E02E017351C43CBC13A2 /* injuries-2026.json in Resources */ = {isa = PBXBuildFile; fileRef = 088AEC83EA801C0A455B4F4A /* injuries-2026.json */; };
		12B0C7F459B78B3CD6E94399 /* HubNavigationUITests.swift in Sources */ = {isa = PBXBuildFile; fileRef = BF03C5063CED82E4244C8853 /* HubNavigationUITests.swift */; };
		1C3F5ECE34B0CB7DD601206B /* cohorts.json in Resources */ = {isa = PBXBuildFile; fileRef = 4F855745678D2A4762309A3D /* cohorts.json */; };
		219EB5EFBF7FE324297D0AEF /* weekly-2025.json in Resources */ = {isa = PBXBuildFile; fileRef = A6FE8C13A6F8AF02B7647613 /* weekly-2025.json */; };
		22360523F04329AD4320AA45 /* weekly-index.json in Resources */ = {isa = PBXBuildFile; fileRef = 5497C6C0FD39CC8B938131A1 /* weekly-index.json */; };
		23997DBA3D2C45DF202BA3AC /* context-2026.json in Resources */ = {isa = PBXBuildFile; fileRef = E41F6C0D2AA3EB8B785F9BB1 /* context-2026.json */; };
		28434C00628D7A2B7C46990F /* player-ids.json in Resources */ = {isa = PBXBuildFile; fileRef = 921769FD62F18B727E614082 /* player-ids.json */; };
		38C11AC1F52A5C550C32AF23 /* DemoTransport.swift in Sources */ = {isa = PBXBuildFile; fileRef = 552D4996A984790B432C5EEA /* DemoTransport.swift */; };
		3C6D85F3CA6CEE03E18ECB58 /* adp.json in Resources */ = {isa = PBXBuildFile; fileRef = A86246221C6E59445252612F /* adp.json */; };
		4C93603F7B00AEAF114AABA6 /* usage-2026.json in Resources */ = {isa = PBXBuildFile; fileRef = 66031C3BD75EA2D6B1186F1E /* usage-2026.json */; };
		5351A7AABC6FD8AA47FDEA86 /* schedule-2026.json in Resources */ = {isa = PBXBuildFile; fileRef = 11EB2E0610115B8172B89753 /* schedule-2026.json */; };
		665C3E6CAA21F6885481CE7D /* schedule-2025.json in Resources */ = {isa = PBXBuildFile; fileRef = 8F8B2045B42966D65DF4B15B /* schedule-2025.json */; };
		6B1F927BA6E1684F10601441 /* Assets.xcassets in Resources */ = {isa = PBXBuildFile; fileRef = 191359DCB92C26CC09D7CC86 /* Assets.xcassets */; };
		7553489B3FA2E48E186480E5 /* ScreenshotTourUITests.swift in Sources */ = {isa = PBXBuildFile; fileRef = C2D50E50340F706FFFCAD60B /* ScreenshotTourUITests.swift */; };
		78AFA5EAACC96057F070A08E /* WorkspaceUITests.swift in Sources */ = {isa = PBXBuildFile; fileRef = B6533B5F69B6D0F99518954D /* WorkspaceUITests.swift */; };
		8EA2A298888083A04E659898 /* DemoLeagueData.swift in Sources */ = {isa = PBXBuildFile; fileRef = 82C37DD3BF3824ABEFDEF2CE /* DemoLeagueData.swift */; };
		9987F9D938B181E9ECB0B2D6 /* depth-2026.json in Resources */ = {isa = PBXBuildFile; fileRef = 6CD73BAC5CEA4CF385B4D499 /* depth-2026.json */; };
		A183CDACF435D438576BAC5E /* DemoLeagueUITests.swift in Sources */ = {isa = PBXBuildFile; fileRef = FF3B83A38E8E6068E5D55025 /* DemoLeagueUITests.swift */; };
		A3EBE36BEF686E90140ECCF9 /* FCApp in Frameworks */ = {isa = PBXBuildFile; productRef = C340AB5D7B8A0F676ACB2AF7 /* FCApp */; };
		C9908DD993E4DD955052F38C /* FantasyCommandCenterApp.swift in Sources */ = {isa = PBXBuildFile; fileRef = 39DB11979C8FB73D50BE94D4 /* FantasyCommandCenterApp.swift */; };
		DCC5196D65298F4D7640EFBF /* FCData in Frameworks */ = {isa = PBXBuildFile; productRef = 3275F82A8E40E0742D084761 /* FCData */; };
		E3BF89406E882F92E46B3290 /* FCCore in Frameworks */ = {isa = PBXBuildFile; productRef = 9FD3FCC4AB98081B3A6D46CA /* FCCore */; };
/* End PBXBuildFile section */

/* Begin PBXContainerItemProxy section */
		88FC28178AC64A28AF4CE970 /* PBXContainerItemProxy */ = {
			isa = PBXContainerItemProxy;
			containerPortal = 3C83909E9E40B5317829EBF9 /* Project object */;
			proxyType = 1;
			remoteGlobalIDString = 162C9617AFE2C73E93DB16A9;
			remoteInfo = FantasyCommandCenter;
		};
/* End PBXContainerItemProxy section */

/* Begin PBXFileReference section */
		088AEC83EA801C0A455B4F4A /* injuries-2026.json */ = {isa = PBXFileReference; lastKnownFileType = text.json; path = "injuries-2026.json"; sourceTree = "<group>"; };
		0C05AEAB27A2395EA53DD8AC /* FantasyCommandCenter.app */ = {isa = PBXFileReference; includeInIndex = 0; lastKnownFileType = wrapper.application; path = FantasyCommandCenter.app; sourceTree = BUILT_PRODUCTS_DIR; };
		11EB2E0610115B8172B89753 /* schedule-2026.json */ = {isa = PBXFileReference; lastKnownFileType = text.json; path = "schedule-2026.json"; sourceTree = "<group>"; };
		16A461376507718621015C8C /* FCCore */ = {isa = PBXFileReference; lastKnownFileType = folder; name = FCCore; path = Packages/FCCore; sourceTree = SOURCE_ROOT; };
		191359DCB92C26CC09D7CC86 /* Assets.xcassets */ = {isa = PBXFileReference; lastKnownFileType = folder.assetcatalog; path = Assets.xcassets; sourceTree = "<group>"; };
		23DBFDF73D0EBA7E6F2483D8 /* FCApp */ = {isa = PBXFileReference; lastKnownFileType = folder; name = FCApp; path = Packages/FCApp; sourceTree = SOURCE_ROOT; };
		39DB11979C8FB73D50BE94D4 /* FantasyCommandCenterApp.swift */ = {isa = PBXFileReference; lastKnownFileType = sourcecode.swift; path = FantasyCommandCenterApp.swift; sourceTree = "<group>"; };
		4F855745678D2A4762309A3D /* cohorts.json */ = {isa = PBXFileReference; lastKnownFileType = text.json; path = cohorts.json; sourceTree = "<group>"; };
		5497C6C0FD39CC8B938131A1 /* weekly-index.json */ = {isa = PBXFileReference; lastKnownFileType = text.json; path = "weekly-index.json"; sourceTree = "<group>"; };
		552D4996A984790B432C5EEA /* DemoTransport.swift */ = {isa = PBXFileReference; lastKnownFileType = sourcecode.swift; path = DemoTransport.swift; sourceTree = "<group>"; };
		5DEA31094EE3A51E1CD615B8 /* FCData */ = {isa = PBXFileReference; lastKnownFileType = folder; name = FCData; path = Packages/FCData; sourceTree = SOURCE_ROOT; };
		62B5A6A6131B734B963D7304 /* FantasyCommandCenter.entitlements */ = {isa = PBXFileReference; lastKnownFileType = text.plist.entitlements; path = FantasyCommandCenter.entitlements; sourceTree = "<group>"; };
		66031C3BD75EA2D6B1186F1E /* usage-2026.json */ = {isa = PBXFileReference; lastKnownFileType = text.json; path = "usage-2026.json"; sourceTree = "<group>"; };
		6CD73BAC5CEA4CF385B4D499 /* depth-2026.json */ = {isa = PBXFileReference; lastKnownFileType = text.json; path = "depth-2026.json"; sourceTree = "<group>"; };
		82C37DD3BF3824ABEFDEF2CE /* DemoLeagueData.swift */ = {isa = PBXFileReference; lastKnownFileType = sourcecode.swift; path = DemoLeagueData.swift; sourceTree = "<group>"; };
		8F8B2045B42966D65DF4B15B /* schedule-2025.json */ = {isa = PBXFileReference; lastKnownFileType = text.json; path = "schedule-2025.json"; sourceTree = "<group>"; };
		921769FD62F18B727E614082 /* player-ids.json */ = {isa = PBXFileReference; lastKnownFileType = text.json; path = "player-ids.json"; sourceTree = "<group>"; };
		9634B2AC4C70B005FE918E16 /* Info.plist */ = {isa = PBXFileReference; lastKnownFileType = text.plist; path = Info.plist; sourceTree = "<group>"; };
		A6FE8C13A6F8AF02B7647613 /* weekly-2025.json */ = {isa = PBXFileReference; lastKnownFileType = text.json; path = "weekly-2025.json"; sourceTree = "<group>"; };
		A86246221C6E59445252612F /* adp.json */ = {isa = PBXFileReference; lastKnownFileType = text.json; path = adp.json; sourceTree = "<group>"; };
		AFCA1C7440DE5256738B3BA2 /* FantasyCommandCenterUITests.xctest */ = {isa = PBXFileReference; includeInIndex = 0; lastKnownFileType = wrapper.cfbundle; path = FantasyCommandCenterUITests.xctest; sourceTree = BUILT_PRODUCTS_DIR; };
		B6533B5F69B6D0F99518954D /* WorkspaceUITests.swift */ = {isa = PBXFileReference; lastKnownFileType = sourcecode.swift; path = WorkspaceUITests.swift; sourceTree = "<group>"; };
		BF03C5063CED82E4244C8853 /* HubNavigationUITests.swift */ = {isa = PBXFileReference; lastKnownFileType = sourcecode.swift; path = HubNavigationUITests.swift; sourceTree = "<group>"; };
		C2D50E50340F706FFFCAD60B /* ScreenshotTourUITests.swift */ = {isa = PBXFileReference; lastKnownFileType = sourcecode.swift; path = ScreenshotTourUITests.swift; sourceTree = "<group>"; };
		E41F6C0D2AA3EB8B785F9BB1 /* context-2026.json */ = {isa = PBXFileReference; lastKnownFileType = text.json; path = "context-2026.json"; sourceTree = "<group>"; };
		FF3B83A38E8E6068E5D55025 /* DemoLeagueUITests.swift */ = {isa = PBXFileReference; lastKnownFileType = sourcecode.swift; path = DemoLeagueUITests.swift; sourceTree = "<group>"; };
/* End PBXFileReference section */

/* Begin PBXFrameworksBuildPhase section */
		9733AB40344455A647C160A8 /* Frameworks */ = {
			isa = PBXFrameworksBuildPhase;
			buildActionMask = 2147483647;
			files = (
				E3BF89406E882F92E46B3290 /* FCCore in Frameworks */,
				DCC5196D65298F4D7640EFBF /* FCData in Frameworks */,
				A3EBE36BEF686E90140ECCF9 /* FCApp in Frameworks */,
			);
			runOnlyForDeploymentPostprocessing = 0;
		};
/* End PBXFrameworksBuildPhase section */

/* Begin PBXGroup section */
		0A002C1DD4CC41C108E8BFB6 /* Resources */ = {
			isa = PBXGroup;
			children = (
				A86246221C6E59445252612F /* adp.json */,
				4F855745678D2A4762309A3D /* cohorts.json */,
				E41F6C0D2AA3EB8B785F9BB1 /* context-2026.json */,
				6CD73BAC5CEA4CF385B4D499 /* depth-2026.json */,
				088AEC83EA801C0A455B4F4A /* injuries-2026.json */,
				921769FD62F18B727E614082 /* player-ids.json */,
				8F8B2045B42966D65DF4B15B /* schedule-2025.json */,
				11EB2E0610115B8172B89753 /* schedule-2026.json */,
				66031C3BD75EA2D6B1186F1E /* usage-2026.json */,
				A6FE8C13A6F8AF02B7647613 /* weekly-2025.json */,
				5497C6C0FD39CC8B938131A1 /* weekly-index.json */,
			);
			path = Resources;
			sourceTree = "<group>";
		};
		104A93882A03F7D710B5BB42 /* UITests */ = {
			isa = PBXGroup;
			children = (
				FF3B83A38E8E6068E5D55025 /* DemoLeagueUITests.swift */,
				BF03C5063CED82E4244C8853 /* HubNavigationUITests.swift */,
				C2D50E50340F706FFFCAD60B /* ScreenshotTourUITests.swift */,
				B6533B5F69B6D0F99518954D /* WorkspaceUITests.swift */,
			);
			path = UITests;
			sourceTree = "<group>";
		};
		5339D3954B5735244E3A108A /* Products */ = {
			isa = PBXGroup;
			children = (
				0C05AEAB27A2395EA53DD8AC /* FantasyCommandCenter.app */,
				AFCA1C7440DE5256738B3BA2 /* FantasyCommandCenterUITests.xctest */,
			);
			name = Products;
			sourceTree = "<group>";
		};
		61D329BE78136174680B6921 = {
			isa = PBXGroup;
			children = (
				F5AB47BB5A6645FA753D8A87 /* App */,
				B2AFAB43B8A7542D5007FE21 /* Packages */,
				104A93882A03F7D710B5BB42 /* UITests */,
				5339D3954B5735244E3A108A /* Products */,
			);
			sourceTree = "<group>";
		};
		780E7FD6C803BB22C53C4334 /* Demo */ = {
			isa = PBXGroup;
			children = (
				82C37DD3BF3824ABEFDEF2CE /* DemoLeagueData.swift */,
				552D4996A984790B432C5EEA /* DemoTransport.swift */,
			);
			path = Demo;
			sourceTree = "<group>";
		};
		B2AFAB43B8A7542D5007FE21 /* Packages */ = {
			isa = PBXGroup;
			children = (
				23DBFDF73D0EBA7E6F2483D8 /* FCApp */,
				16A461376507718621015C8C /* FCCore */,
				5DEA31094EE3A51E1CD615B8 /* FCData */,
			);
			path = Packages;
			sourceTree = "<group>";
		};
		F5AB47BB5A6645FA753D8A87 /* App */ = {
			isa = PBXGroup;
			children = (
				780E7FD6C803BB22C53C4334 /* Demo */,
				0A002C1DD4CC41C108E8BFB6 /* Resources */,
				191359DCB92C26CC09D7CC86 /* Assets.xcassets */,
				62B5A6A6131B734B963D7304 /* FantasyCommandCenter.entitlements */,
				39DB11979C8FB73D50BE94D4 /* FantasyCommandCenterApp.swift */,
				9634B2AC4C70B005FE918E16 /* Info.plist */,
			);
			path = App;
			sourceTree = "<group>";
		};
/* End PBXGroup section */

/* Begin PBXNativeTarget section */
		162C9617AFE2C73E93DB16A9 /* FantasyCommandCenter */ = {
			isa = PBXNativeTarget;
			buildConfigurationList = F705942D0DAA38A719A0BFCF /* Build configuration list for PBXNativeTarget "FantasyCommandCenter" */;
			buildPhases = (
				C0F073E8D8D0BA55DA364348 /* Sources */,
				D164A7507C243469208069B6 /* Resources */,
				9733AB40344455A647C160A8 /* Frameworks */,
			);
			buildRules = (
			);
			dependencies = (
			);
			name = FantasyCommandCenter;
			packageProductDependencies = (
				9FD3FCC4AB98081B3A6D46CA /* FCCore */,
				3275F82A8E40E0742D084761 /* FCData */,
				C340AB5D7B8A0F676ACB2AF7 /* FCApp */,
			);
			productName = FantasyCommandCenter;
			productReference = 0C05AEAB27A2395EA53DD8AC /* FantasyCommandCenter.app */;
			productType = "com.apple.product-type.application";
		};
		8096A5BC8D632936FD7B0B54 /* FantasyCommandCenterUITests */ = {
			isa = PBXNativeTarget;
			buildConfigurationList = 3973C33D5336DB717512F4CE /* Build configuration list for PBXNativeTarget "FantasyCommandCenterUITests" */;
			buildPhases = (
				9886A10F017B8D9739567DCF /* Sources */,
			);
			buildRules = (
			);
			dependencies = (
				0F9A9747BCDFAAC73B9CC338 /* PBXTargetDependency */,
			);
			name = FantasyCommandCenterUITests;
			packageProductDependencies = (
			);
			productName = FantasyCommandCenterUITests;
			productReference = AFCA1C7440DE5256738B3BA2 /* FantasyCommandCenterUITests.xctest */;
			productType = "com.apple.product-type.bundle.ui-testing";
		};
/* End PBXNativeTarget section */

/* Begin PBXProject section */
		3C83909E9E40B5317829EBF9 /* Project object */ = {
			isa = PBXProject;
			attributes = {
				BuildIndependentTargetsInParallel = YES;
				LastUpgradeCheck = 1430;
				TargetAttributes = {
					162C9617AFE2C73E93DB16A9 = {
						DevelopmentTeam = H9B7A5KQP3;
						ProvisioningStyle = Automatic;
					};
					8096A5BC8D632936FD7B0B54 = {
						DevelopmentTeam = H9B7A5KQP3;
						ProvisioningStyle = Automatic;
						TestTargetID = 162C9617AFE2C73E93DB16A9;
					};
				};
			};
			buildConfigurationList = 1BD3E341609908B4863CF178 /* Build configuration list for PBXProject "FantasyCommandCenter" */;
			developmentRegion = en;
			hasScannedForEncodings = 0;
			knownRegions = (
				Base,
				en,
			);
			mainGroup = 61D329BE78136174680B6921;
			minimizedProjectReferenceProxies = 1;
			packageReferences = (
				93785EE95FD0E2AB542915E6 /* XCLocalSwiftPackageReference "Packages/FCApp" */,
				34D189F530FE91C6DC6C9E6B /* XCLocalSwiftPackageReference "Packages/FCCore" */,
				9962005794C33BDE6F4B0DC6 /* XCLocalSwiftPackageReference "Packages/FCData" */,
			);
			preferredProjectObjectVersion = 77;
			productRefGroup = 5339D3954B5735244E3A108A /* Products */;
			projectDirPath = "";
			projectRoot = "";
			targets = (
				162C9617AFE2C73E93DB16A9 /* FantasyCommandCenter */,
				8096A5BC8D632936FD7B0B54 /* FantasyCommandCenterUITests */,
			);
		};
/* End PBXProject section */

/* Begin PBXResourcesBuildPhase section */
		D164A7507C243469208069B6 /* Resources */ = {
			isa = PBXResourcesBuildPhase;
			buildActionMask = 2147483647;
			files = (
				6B1F927BA6E1684F10601441 /* Assets.xcassets in Resources */,
				3C6D85F3CA6CEE03E18ECB58 /* adp.json in Resources */,
				1C3F5ECE34B0CB7DD601206B /* cohorts.json in Resources */,
				23997DBA3D2C45DF202BA3AC /* context-2026.json in Resources */,
				9987F9D938B181E9ECB0B2D6 /* depth-2026.json in Resources */,
				0493E02E017351C43CBC13A2 /* injuries-2026.json in Resources */,
				28434C00628D7A2B7C46990F /* player-ids.json in Resources */,
				665C3E6CAA21F6885481CE7D /* schedule-2025.json in Resources */,
				5351A7AABC6FD8AA47FDEA86 /* schedule-2026.json in Resources */,
				4C93603F7B00AEAF114AABA6 /* usage-2026.json in Resources */,
				219EB5EFBF7FE324297D0AEF /* weekly-2025.json in Resources */,
				22360523F04329AD4320AA45 /* weekly-index.json in Resources */,
			);
			runOnlyForDeploymentPostprocessing = 0;
		};
/* End PBXResourcesBuildPhase section */

/* Begin PBXSourcesBuildPhase section */
		9886A10F017B8D9739567DCF /* Sources */ = {
			isa = PBXSourcesBuildPhase;
			buildActionMask = 2147483647;
			files = (
				A183CDACF435D438576BAC5E /* DemoLeagueUITests.swift in Sources */,
				12B0C7F459B78B3CD6E94399 /* HubNavigationUITests.swift in Sources */,
				7553489B3FA2E48E186480E5 /* ScreenshotTourUITests.swift in Sources */,
				78AFA5EAACC96057F070A08E /* WorkspaceUITests.swift in Sources */,
			);
			runOnlyForDeploymentPostprocessing = 0;
		};
		C0F073E8D8D0BA55DA364348 /* Sources */ = {
			isa = PBXSourcesBuildPhase;
			buildActionMask = 2147483647;
			files = (
				8EA2A298888083A04E659898 /* DemoLeagueData.swift in Sources */,
				38C11AC1F52A5C550C32AF23 /* DemoTransport.swift in Sources */,
				C9908DD993E4DD955052F38C /* FantasyCommandCenterApp.swift in Sources */,
			);
			runOnlyForDeploymentPostprocessing = 0;
		};
/* End PBXSourcesBuildPhase section */

/* Begin PBXTargetDependency section */
		0F9A9747BCDFAAC73B9CC338 /* PBXTargetDependency */ = {
			isa = PBXTargetDependency;
			target = 162C9617AFE2C73E93DB16A9 /* FantasyCommandCenter */;
			targetProxy = 88FC28178AC64A28AF4CE970 /* PBXContainerItemProxy */;
		};
/* End PBXTargetDependency section */

/* Begin XCBuildConfiguration section */
		43D3A37BD45E3A8B5C44DECA /* Release */ = {
			isa = XCBuildConfiguration;
			buildSettings = {
				BUNDLE_LOADER = "$(TEST_HOST)";
				CODE_SIGN_STYLE = Automatic;
				DEVELOPMENT_TEAM = H9B7A5KQP3;
				GENERATE_INFOPLIST_FILE = YES;
				LD_RUNPATH_SEARCH_PATHS = (
					"$(inherited)",
					"@executable_path/Frameworks",
					"@loader_path/Frameworks",
				);
				PRODUCT_BUNDLE_IDENTIFIER = com.connorbyrne.FantasyCommandCenterUITests;
				SDKROOT = auto;
				SUPPORTED_PLATFORMS = "iphoneos iphonesimulator";
				SUPPORTS_MACCATALYST = NO;
				SUPPORTS_MAC_DESIGNED_FOR_IPHONE_IPAD = YES;
				SUPPORTS_XR_DESIGNED_FOR_IPHONE_IPAD = YES;
				SWIFT_VERSION = 5.9;
				TARGETED_DEVICE_FAMILY = "1,2";
				TEST_TARGET_NAME = FantasyCommandCenter;
			};
			name = Release;
		};
		A20B9CE61DB2D75F6FD2E8E1 /* Debug */ = {
			isa = XCBuildConfiguration;
			buildSettings = {
				ASSETCATALOG_COMPILER_APPICON_NAME = AppIcon;
				ASSETCATALOG_COMPILER_GLOBAL_ACCENT_COLOR_NAME = AccentColor;
				CODE_SIGN_ENTITLEMENTS = App/FantasyCommandCenter.entitlements;
				CODE_SIGN_IDENTITY = "iPhone Developer";
				CODE_SIGN_STYLE = Automatic;
				CURRENT_PROJECT_VERSION = 1;
				DEVELOPMENT_TEAM = H9B7A5KQP3;
				ENABLE_APP_SANDBOX = YES;
				ENABLE_PREVIEWS = YES;
				ENABLE_USER_SELECTED_FILES = readonly;
				GENERATE_INFOPLIST_FILE = NO;
				INFOPLIST_FILE = App/Info.plist;
				LD_RUNPATH_SEARCH_PATHS = (
					"$(inherited)",
					"@executable_path/Frameworks",
				);
				MARKETING_VERSION = 0.1;
				PRODUCT_BUNDLE_IDENTIFIER = com.connorbyrne.FantasyCommandCenter;
				SDKROOT = auto;
				SUPPORTED_PLATFORMS = "iphoneos iphonesimulator macosx";
				SUPPORTS_MACCATALYST = NO;
				SUPPORTS_MAC_DESIGNED_FOR_IPHONE_IPAD = NO;
				SUPPORTS_XR_DESIGNED_FOR_IPHONE_IPAD = YES;
				SWIFT_VERSION = 5.9;
				TARGETED_DEVICE_FAMILY = "1,2";
			};
			name = Debug;
		};
		D1E2C394E01B98B9A3AF5715 /* Release */ = {
			isa = XCBuildConfiguration;
			buildSettings = {
				ASSETCATALOG_COMPILER_APPICON_NAME = AppIcon;
				ASSETCATALOG_COMPILER_GLOBAL_ACCENT_COLOR_NAME = AccentColor;
				CODE_SIGN_ENTITLEMENTS = App/FantasyCommandCenter.entitlements;
				CODE_SIGN_IDENTITY = "iPhone Developer";
				CODE_SIGN_STYLE = Automatic;
				CURRENT_PROJECT_VERSION = 1;
				DEVELOPMENT_TEAM = H9B7A5KQP3;
				ENABLE_APP_SANDBOX = YES;
				ENABLE_PREVIEWS = YES;
				ENABLE_USER_SELECTED_FILES = readonly;
				GENERATE_INFOPLIST_FILE = NO;
				INFOPLIST_FILE = App/Info.plist;
				LD_RUNPATH_SEARCH_PATHS = (
					"$(inherited)",
					"@executable_path/Frameworks",
				);
				MARKETING_VERSION = 0.1;
				PRODUCT_BUNDLE_IDENTIFIER = com.connorbyrne.FantasyCommandCenter;
				SDKROOT = auto;
				SUPPORTED_PLATFORMS = "iphoneos iphonesimulator macosx";
				SUPPORTS_MACCATALYST = NO;
				SUPPORTS_MAC_DESIGNED_FOR_IPHONE_IPAD = NO;
				SUPPORTS_XR_DESIGNED_FOR_IPHONE_IPAD = YES;
				SWIFT_VERSION = 5.9;
				TARGETED_DEVICE_FAMILY = "1,2";
			};
			name = Release;
		};
		EF788B8B1E419997BBADC755 /* Debug */ = {
			isa = XCBuildConfiguration;
			buildSettings = {
				ALWAYS_SEARCH_USER_PATHS = NO;
				CLANG_ANALYZER_NONNULL = YES;
				CLANG_ANALYZER_NUMBER_OBJECT_CONVERSION = YES_AGGRESSIVE;
				CLANG_CXX_LANGUAGE_STANDARD = "gnu++14";
				CLANG_CXX_LIBRARY = "libc++";
				CLANG_ENABLE_MODULES = YES;
				CLANG_ENABLE_OBJC_ARC = YES;
				CLANG_ENABLE_OBJC_WEAK = YES;
				CLANG_WARN_BLOCK_CAPTURE_AUTORELEASING = YES;
				CLANG_WARN_BOOL_CONVERSION = YES;
				CLANG_WARN_COMMA = YES;
				CLANG_WARN_CONSTANT_CONVERSION = YES;
				CLANG_WARN_DEPRECATED_OBJC_IMPLEMENTATIONS = YES;
				CLANG_WARN_DIRECT_OBJC_ISA_USAGE = YES_ERROR;
				CLANG_WARN_DOCUMENTATION_COMMENTS = YES;
				CLANG_WARN_EMPTY_BODY = YES;
				CLANG_WARN_ENUM_CONVERSION = YES;
				CLANG_WARN_INFINITE_RECURSION = YES;
				CLANG_WARN_INT_CONVERSION = YES;
				CLANG_WARN_NON_LITERAL_NULL_CONVERSION = YES;
				CLANG_WARN_OBJC_IMPLICIT_RETAIN_SELF = YES;
				CLANG_WARN_OBJC_LITERAL_CONVERSION = YES;
				CLANG_WARN_OBJC_ROOT_CLASS = YES_ERROR;
				CLANG_WARN_QUOTED_INCLUDE_IN_FRAMEWORK_HEADER = YES;
				CLANG_WARN_RANGE_LOOP_ANALYSIS = YES;
				CLANG_WARN_STRICT_PROTOTYPES = YES;
				CLANG_WARN_SUSPICIOUS_MOVE = YES;
				CLANG_WARN_UNGUARDED_AVAILABILITY = YES_AGGRESSIVE;
				CLANG_WARN_UNREACHABLE_CODE = YES;
				CLANG_WARN__DUPLICATE_METHOD_MATCH = YES;
				COPY_PHASE_STRIP = NO;
				DEBUG_INFORMATION_FORMAT = dwarf;
				ENABLE_STRICT_OBJC_MSGSEND = YES;
				ENABLE_TESTABILITY = YES;
				GCC_C_LANGUAGE_STANDARD = gnu11;
				GCC_DYNAMIC_NO_PIC = NO;
				GCC_NO_COMMON_BLOCKS = YES;
				GCC_OPTIMIZATION_LEVEL = 0;
				GCC_PREPROCESSOR_DEFINITIONS = (
					"$(inherited)",
					"DEBUG=1",
				);
				GCC_WARN_64_TO_32_BIT_CONVERSION = YES;
				GCC_WARN_ABOUT_RETURN_TYPE = YES_ERROR;
				GCC_WARN_UNDECLARED_SELECTOR = YES;
				GCC_WARN_UNINITIALIZED_AUTOS = YES_AGGRESSIVE;
				GCC_WARN_UNUSED_FUNCTION = YES;
				GCC_WARN_UNUSED_VARIABLE = YES;
				IPHONEOS_DEPLOYMENT_TARGET = 17.0;
				MACOSX_DEPLOYMENT_TARGET = 14.0;
				MTL_ENABLE_DEBUG_INFO = INCLUDE_SOURCE;
				MTL_FAST_MATH = YES;
				ONLY_ACTIVE_ARCH = YES;
				PRODUCT_NAME = "$(TARGET_NAME)";
				SDKROOT = auto;
				SWIFT_ACTIVE_COMPILATION_CONDITIONS = DEBUG;
				SWIFT_OPTIMIZATION_LEVEL = "-Onone";
				SWIFT_VERSION = 5.0;
			};
			name = Debug;
		};
		F75B0763B1332EFBB6DE44A8 /* Release */ = {
			isa = XCBuildConfiguration;
			buildSettings = {
				ALWAYS_SEARCH_USER_PATHS = NO;
				CLANG_ANALYZER_NONNULL = YES;
				CLANG_ANALYZER_NUMBER_OBJECT_CONVERSION = YES_AGGRESSIVE;
				CLANG_CXX_LANGUAGE_STANDARD = "gnu++14";
				CLANG_CXX_LIBRARY = "libc++";
				CLANG_ENABLE_MODULES = YES;
				CLANG_ENABLE_OBJC_ARC = YES;
				CLANG_ENABLE_OBJC_WEAK = YES;
				CLANG_WARN_BLOCK_CAPTURE_AUTORELEASING = YES;
				CLANG_WARN_BOOL_CONVERSION = YES;
				CLANG_WARN_COMMA = YES;
				CLANG_WARN_CONSTANT_CONVERSION = YES;
				CLANG_WARN_DEPRECATED_OBJC_IMPLEMENTATIONS = YES;
				CLANG_WARN_DIRECT_OBJC_ISA_USAGE = YES_ERROR;
				CLANG_WARN_DOCUMENTATION_COMMENTS = YES;
				CLANG_WARN_EMPTY_BODY = YES;
				CLANG_WARN_ENUM_CONVERSION = YES;
				CLANG_WARN_INFINITE_RECURSION = YES;
				CLANG_WARN_INT_CONVERSION = YES;
				CLANG_WARN_NON_LITERAL_NULL_CONVERSION = YES;
				CLANG_WARN_OBJC_IMPLICIT_RETAIN_SELF = YES;
				CLANG_WARN_OBJC_LITERAL_CONVERSION = YES;
				CLANG_WARN_OBJC_ROOT_CLASS = YES_ERROR;
				CLANG_WARN_QUOTED_INCLUDE_IN_FRAMEWORK_HEADER = YES;
				CLANG_WARN_RANGE_LOOP_ANALYSIS = YES;
				CLANG_WARN_STRICT_PROTOTYPES = YES;
				CLANG_WARN_SUSPICIOUS_MOVE = YES;
				CLANG_WARN_UNGUARDED_AVAILABILITY = YES_AGGRESSIVE;
				CLANG_WARN_UNREACHABLE_CODE = YES;
				CLANG_WARN__DUPLICATE_METHOD_MATCH = YES;
				COPY_PHASE_STRIP = NO;
				DEBUG_INFORMATION_FORMAT = "dwarf-with-dsym";
				ENABLE_NS_ASSERTIONS = NO;
				ENABLE_STRICT_OBJC_MSGSEND = YES;
				GCC_C_LANGUAGE_STANDARD = gnu11;
				GCC_NO_COMMON_BLOCKS = YES;
				GCC_WARN_64_TO_32_BIT_CONVERSION = YES;
				GCC_WARN_ABOUT_RETURN_TYPE = YES_ERROR;
				GCC_WARN_UNDECLARED_SELECTOR = YES;
				GCC_WARN_UNINITIALIZED_AUTOS = YES_AGGRESSIVE;
				GCC_WARN_UNUSED_FUNCTION = YES;
				GCC_WARN_UNUSED_VARIABLE = YES;
				IPHONEOS_DEPLOYMENT_TARGET = 17.0;
				MACOSX_DEPLOYMENT_TARGET = 14.0;
				MTL_ENABLE_DEBUG_INFO = NO;
				MTL_FAST_MATH = YES;
				PRODUCT_NAME = "$(TARGET_NAME)";
				SDKROOT = auto;
				SWIFT_COMPILATION_MODE = wholemodule;
				SWIFT_OPTIMIZATION_LEVEL = "-O";
				SWIFT_VERSION = 5.0;
			};
			name = Release;
		};
		F877B475036B9E8FC50EEC98 /* Debug */ = {
			isa = XCBuildConfiguration;
			buildSettings = {
				BUNDLE_LOADER = "$(TEST_HOST)";
				CODE_SIGN_STYLE = Automatic;
				DEVELOPMENT_TEAM = H9B7A5KQP3;
				GENERATE_INFOPLIST_FILE = YES;
				LD_RUNPATH_SEARCH_PATHS = (
					"$(inherited)",
					"@executable_path/Frameworks",
					"@loader_path/Frameworks",
				);
				PRODUCT_BUNDLE_IDENTIFIER = com.connorbyrne.FantasyCommandCenterUITests;
				SDKROOT = auto;
				SUPPORTED_PLATFORMS = "iphoneos iphonesimulator";
				SUPPORTS_MACCATALYST = NO;
				SUPPORTS_MAC_DESIGNED_FOR_IPHONE_IPAD = YES;
				SUPPORTS_XR_DESIGNED_FOR_IPHONE_IPAD = YES;
				SWIFT_VERSION = 5.9;
				TARGETED_DEVICE_FAMILY = "1,2";
				TEST_TARGET_NAME = FantasyCommandCenter;
			};
			name = Debug;
		};
/* End XCBuildConfiguration section */

/* Begin XCConfigurationList section */
		1BD3E341609908B4863CF178 /* Build configuration list for PBXProject "FantasyCommandCenter" */ = {
			isa = XCConfigurationList;
			buildConfigurations = (
				EF788B8B1E419997BBADC755 /* Debug */,
				F75B0763B1332EFBB6DE44A8 /* Release */,
			);
			defaultConfigurationIsVisible = 0;
			defaultConfigurationName = Debug;
		};
		3973C33D5336DB717512F4CE /* Build configuration list for PBXNativeTarget "FantasyCommandCenterUITests" */ = {
			isa = XCConfigurationList;
			buildConfigurations = (
				F877B475036B9E8FC50EEC98 /* Debug */,
				43D3A37BD45E3A8B5C44DECA /* Release */,
			);
			defaultConfigurationIsVisible = 0;
			defaultConfigurationName = Debug;
		};
		F705942D0DAA38A719A0BFCF /* Build configuration list for PBXNativeTarget "FantasyCommandCenter" */ = {
			isa = XCConfigurationList;
			buildConfigurations = (
				A20B9CE61DB2D75F6FD2E8E1 /* Debug */,
				D1E2C394E01B98B9A3AF5715 /* Release */,
			);
			defaultConfigurationIsVisible = 0;
			defaultConfigurationName = Debug;
		};
/* End XCConfigurationList section */

/* Begin XCLocalSwiftPackageReference section */
		34D189F530FE91C6DC6C9E6B /* XCLocalSwiftPackageReference "Packages/FCCore" */ = {
			isa = XCLocalSwiftPackageReference;
			relativePath = Packages/FCCore;
		};
		93785EE95FD0E2AB542915E6 /* XCLocalSwiftPackageReference "Packages/FCApp" */ = {
			isa = XCLocalSwiftPackageReference;
			relativePath = Packages/FCApp;
		};
		9962005794C33BDE6F4B0DC6 /* XCLocalSwiftPackageReference "Packages/FCData" */ = {
			isa = XCLocalSwiftPackageReference;
			relativePath = Packages/FCData;
		};
/* End XCLocalSwiftPackageReference section */

/* Begin XCSwiftPackageProductDependency section */
		3275F82A8E40E0742D084761 /* FCData */ = {
			isa = XCSwiftPackageProductDependency;
			productName = FCData;
		};
		9FD3FCC4AB98081B3A6D46CA /* FCCore */ = {
			isa = XCSwiftPackageProductDependency;
			productName = FCCore;
		};
		C340AB5D7B8A0F676ACB2AF7 /* FCApp */ = {
			isa = XCSwiftPackageProductDependency;
			productName = FCApp;
		};
/* End XCSwiftPackageProductDependency section */
	};
	rootObject = 3C83909E9E40B5317829EBF9 /* Project object */;
}
